
Microsoft Visual Studio Solution File, Format Version 12.00
Project("{FAE04EC0-301F-11D3-BF4B-00C04F79EFBC}") = "Linq", "Linq\Linq.csproj", "{0E291FDD-8ABF-49EB-944A-FEBA0AA8040D}"
EndProject
Project("{FAE04EC0-301F-11D3-BF4B-00C04F79EFBC}") = "AsyncBreakfast", "AsyncBreakfast\AsyncBreakfast.csproj", "{B5814146-EA43-485B-9BD8-0A682B22D743}"
EndProject
Project("{FAE04EC0-301F-11D3-BF4B-00C04F79EFBC}") = "SimpleAsync", "SimpleAsync\SimpleAsync.csproj", "{BF841C03-991C-4927-82AA-A7963FD0BD63}"
EndProject
Project("{FAE04EC0-301F-11D3-BF4B-00C04F79EFBC}") = "Sandbox", "Sandbox\Sandbox.csproj", "{B3F4C305-86A4-4322-9E65-7D039E731CAA}"
EndProject
Project("{FAE04EC0-301F-11D3-BF4B-00C04F79EFBC}") = "Optionals", "Optionals\Optionals.csproj", "{56D8244C-D30E-4972-92C2-2757A966A44F}"
EndProject
Project("{FAE04EC0-301F-11D3-BF4B-00C04F79EFBC}") = "Linq.Tests", "Linq.Tests\Linq.Tests.csproj", "{B875A661-E6A1-4AF4-8EE8-CCF851C4F2CA}"
EndProject
Global
	GlobalSection(SolutionConfigurationPlatforms) = preSolution
		Debug|Any CPU = Debug|Any CPU
		Release|Any CPU = Release|Any CPU
	EndGlobalSection
	GlobalSection(ProjectConfigurationPlatforms) = postSolution
		{0E291FDD-8ABF-49EB-944A-FEBA0AA8040D}.Debug|Any CPU.ActiveCfg = Debug|Any CPU
		{0E291FDD-8ABF-49EB-944A-FEBA0AA8040D}.Debug|Any CPU.Build.0 = Debug|Any CPU
		{0E291FDD-8ABF-49EB-944A-FEBA0AA8040D}.Release|Any CPU.ActiveCfg = Release|Any CPU
		{0E291FDD-8ABF-49EB-944A-FEBA0AA8040D}.Release|Any CPU.Build.0 = Release|Any CPU
		{B5814146-EA43-485B-9BD8-0A682B22D743}.Debug|Any CPU.ActiveCfg = Debug|Any CPU
		{B5814146-EA43-485B-9BD8-0A682B22D743}.Debug|Any CPU.Build.0 = Debug|Any CPU
		{B5814146-EA43-485B-9BD8-0A682B22D743}.Release|Any CPU.ActiveCfg = Release|Any CPU
		{B5814146-EA43-485B-9BD8-0A682B22D743}.Release|Any CPU.Build.0 = Release|Any CPU
		{BF841C03-991C-4927-82AA-A7963FD0BD63}.Debug|Any CPU.ActiveCfg = Debug|Any CPU
		{BF841C03-991C-4927-82AA-A7963FD0BD63}.Debug|Any CPU.Build.0 = Debug|Any CPU
		{BF841C03-991C-4927-82AA-A7963FD0BD63}.Release|Any CPU.ActiveCfg = Release|Any CPU
		{BF841C03-991C-4927-82AA-A7963FD0BD63}.Release|Any CPU.Build.0 = Release|Any CPU
		{B3F4C305-86A4-4322-9E65-7D039E731CAA}.Debug|Any CPU.ActiveCfg = Debug|Any CPU
		{B3F4C305-86A4-4322-9E65-7D039E731CAA}.Debug|Any CPU.Build.0 = Debug|Any CPU
		{B3F4C305-86A4-4322-9E65-7D039E731CAA}.Release|Any CPU.ActiveCfg = Release|Any CPU
		{B3F4C305-86A4-4322-9E65-7D039E731CAA}.Release|Any CPU.Build.0 = Release|Any CPU
		{56D8244C-D30E-4972-92C2-2757A966A44F}.Debug|Any CPU.ActiveCfg = Debug|Any CPU
		{56D8244C-D30E-4972-92C2-2757A966A44F}.Debug|Any CPU.Build.0 = Debug|Any CPU
		{56D8244C-D30E-4972-92C2-2757A966A44F}.Release|Any CPU.ActiveCfg = Release|Any CPU
		{56D8244C-D30E-4972-92C2-2757A966A44F}.Release|Any CPU.Build.0 = Release|Any CPU
		{B875A661-E6A1-4AF4-8EE8-CCF851C4F2CA}.Debug|Any CPU.ActiveCfg = Debug|Any CPU
		{B875A661-E6A1-4AF4-8EE8-CCF851C4F2CA}.Debug|Any CPU.Build.0 = Debug|Any CPU
		{B875A661-E6A1-4AF4-8EE8-CCF851C4F2CA}.Release|Any CPU.ActiveCfg = Release|Any CPU
		{B875A661-E6A1-4AF4-8EE8-CCF851C4F2CA}.Release|Any CPU.Build.0 = Release|Any CPU
	EndGlobalSection
EndGlobal
